{
  "name": "published-test",
  "version": "1.0.0",
  "lockfileVersion": 1,
  "requires": true,
  "dependencies": {
    "graphql-wasm-parser": {
      "version": "0.0.1",
      "resolved": "https://registry.npmjs.org/graphql-wasm-parser/-/graphql-wasm-parser-0.0.1.tgz",
      "integrity": "sha512-R2WrXk0DaKCeybD6EQxuqPQuKUhlvkGz+vemBPuqRpYjZyJUtied4R4ykoEjCOM5CiPQ0493DW1ntpw03hKMnw=="
    }
  }
}
